Microsoft Visual Studio Solution File, Format Version 12.00
# Visual Studio Version 17
VisualStudioVersion = 17.5.2.0
MinimumVisualStudioVersion = 10.0.40219.1
Project("{FAE04EC0-301F-11D3-BF4B-00C04F79EFBC}") = "lab-1-5-console-commands-DavidSmith32", "lab-1-5-console-commands-DavidSmith32.csproj", "{672B3920-0B21-BAA5-56B7-B2475B0C23D5}"
EndProject
Global
	GlobalSection(SolutionConfigurationPlatforms) = preSolution
		Debug|Any CPU = Debug|Any CPU
		Release|Any CPU = Release|Any CPU
	EndGlobalSection
	GlobalSection(ProjectConfigurationPlatforms) = postSolution
		{672B3920-0B21-BAA5-56B7-B2475B0C23D5}.Debug|Any CPU.ActiveCfg = Debug|Any CPU
		{672B3920-0B21-BAA5-56B7-B2475B0C23D5}.Debug|Any CPU.Build.0 = Debug|Any CPU
		{672B3920-0B21-BAA5-56B7-B2475B0C23D5}.Release|Any CPU.ActiveCfg = Release|Any CPU
		{672B3920-0B21-BAA5-56B7-B2475B0C23D5}.Release|Any CPU.Build.0 = Release|Any CPU
	EndGlobalSection
	GlobalSection(SolutionProperties) = preSolution
		HideSolutionNode = FALSE
	EndGlobalSection
	GlobalSection(ExtensibilityGlobals) = postSolution
		SolutionGuid = {864D7F17-5411-45B2-AB4F-A69B5DDD0D4F}
	EndGlobalSection
EndGlobal
